// !$*UTF8*$!
{
	archiveVersion = 1;
	classes = {
	};
	objectVersion = 54;
	objects = {

/* Begin PBXBuildFile section */
		00E356F31AD99517003FC87E /* silentmoonTests.m in Sources */ = {isa = PBXBuildFile; fileRef = 00E356F21AD99517003FC87E /* silentmoonTests.m */; };
		125A9B0411484562BCE422A7 /* HelveticaNeue-Bold.ttf in Resources */ = {isa = PBXBuildFile; fileRef = DF81476B08D9440EA13F3611 /* HelveticaNeue-Bold.ttf */; };
		13B07FBC1A68108700A75B9A /* AppDelegate.m in Sources */ = {isa = PBXBuildFile; fileRef = 13B07FB01A68108700A75B9A /* AppDelegate.m */; };
		13B07FBF1A68108700A75B9A /* Images.xcassets in Resources */ = {isa = PBXBuildFile; fileRef = 13B07FB51A68108700A75B9A /* Images.xcassets */; };
		13B07FC11A68108700A75B9A /* main.m in Sources */ = {isa = PBXBuildFile; fileRef = 13B07FB71A68108700A75B9A /* main.m */; };
		193F0FF069E84DA3A162FC62 /* HelveticaNeue-UltraLight.ttf in Resources */ = {isa = PBXBuildFile; fileRef = 34FDD6E051A14C099497EBB1 /* HelveticaNeue-UltraLight.ttf */; };
		22F89F7C75EA40E9814F49FD /* HelveticaNeue-CondensedBold.ttf in Resources */ = {isa = PBXBuildFile; fileRef = 73272E6798514705B0887D39 /* HelveticaNeue-CondensedBold.ttf */; };
		3576CFAE3D4843698BE9078F /* HelveticaNeue-CondensedBlack.ttf in Resources */ = {isa = PBXBuildFile; fileRef = 84FD41C2949D46AAB8DED1E9 /* HelveticaNeue-CondensedBlack.ttf */; };
		3C6F1DABA42242E694E77574 /* HelveticaNeue-BoldItalic.ttf in Resources */ = {isa = PBXBuildFile; fileRef = 2E31952E7F6D4142A4DDC0CA /* HelveticaNeue-BoldItalic.ttf */; };
		3E9AEEE826653C0D00723F6E /* File.swift in Sources */ = {isa = PBXBuildFile; fileRef = 3E9AEEE726653C0D00723F6E /* File.swift */; };
		427319F4A7C2450A908BF104 /* HelveticaNeue-MediumItalic.ttf in Resources */ = {isa = PBXBuildFile; fileRef = 5079BF9801874990A9850A14 /* HelveticaNeue-MediumItalic.ttf */; };
		47E16A08231A430DA88DBA68 /* HelveticaNeue-UltraLightItalic.ttf in Resources */ = {isa = PBXBuildFile; fileRef = 71205A4665D14451AD09210F /* HelveticaNeue-UltraLightItalic.ttf */; };
		55424813474A4806AC142008 /* GaramondPremierPro-Semibold.ttf in Resources */ = {isa = PBXBuildFile; fileRef = 223670BBBEE543C6B2B73C33 /* GaramondPremierPro-Semibold.ttf */; };
		81AB9BB82411601600AC10FF /* LaunchScreen.storyboard in Resources */ = {isa = PBXBuildFile; fileRef = 81AB9BB72411601600AC10FF /* LaunchScreen.storyboard */; };
		8B138BAD52FC4590BB89497C /* HelveticaNeue.ttf in Resources */ = {isa = PBXBuildFile; fileRef = FFFC12CB6D0A4A0592446495 /* HelveticaNeue.ttf */; };
		8F0D008AB623B1349C9987C6 /* libPods-silentmoon-silentmoonTests.a in Frameworks */ = {isa = PBXBuildFile; fileRef = 1ABB537471B11640ECA539AC /* libPods-silentmoon-silentmoonTests.a */; };
		91811750EED84616A809EB4E /* HelveticaNeue-Light.ttf in Resources */ = {isa = PBXBuildFile; fileRef = 06481DA4E6E64ECCAD6A249D /* HelveticaNeue-Light.ttf */; };
		972FFC5ABF104F4498A62918 /* HelveticaNeue-Italic.ttf in Resources */ = {isa = PBXBuildFile; fileRef = D66BAD458B8348338AEB8B88 /* HelveticaNeue-Italic.ttf */; };
		BC2E9E83CACF45059A525A55 /* HelveticaNeue-ThinItalic.ttf in Resources */ = {isa = PBXBuildFile; fileRef = C8D696690B494DD5B2C49FB9 /* HelveticaNeue-ThinItalic.ttf */; };
		C7BDE3CC1158403488654D80 /* HelveticaNeue-Thin.ttf in Resources */ = {isa = PBXBuildFile; fileRef = ECB194A12EF14966AE017EC8 /* HelveticaNeue-Thin.ttf */; };
		C85089DB01504055B6180CAB /* HelveticaNeue-LightItalic.ttf in Resources */ = {isa = PBXBuildFile; fileRef = 14FDB058776849848D413C25 /* HelveticaNeue-LightItalic.ttf */; };
		DA055BD6D2EF87483AA3BB16 /* libPods-silentmoon.a in Frameworks */ = {isa = PBXBuildFile; fileRef = D1E75BFC3C6A58AFF117632D /* libPods-silentmoon.a */; };
		F62FEBD159874D5483299480 /* HelveticaNeue-Medium.ttf in Resources */ = {isa = PBXBuildFile; fileRef = 5669DC6029B744B3BB9C867B /* HelveticaNeue-Medium.ttf */; };
/* End PBXBuildFile section */

/* Begin PBXContainerItemProxy section */
		00E356F41AD99517003FC87E /* PBXContainerItemProxy */ = {
			isa = PBXContainerItemProxy;
			containerPortal = 83CBB9F71A601CBA00E9B192 /* Project object */;
			proxyType = 1;
			remoteGlobalIDString = 13B07F861A680F5B00A75B9A;
			remoteInfo = silentmoon;
		};
/* End PBXContainerItemProxy section */

/* Begin PBXFileReference section */
		00E356EE1AD99517003FC87E /* silentmoonTests.xctest */ = {isa = PBXFileReference; explicitFileType = wrapper.cfbundle; includeInIndex = 0; path = silentmoonTests.xctest; sourceTree = BUILT_PRODUCTS_DIR; };
		00E356F11AD99517003FC87E /* Info.plist */ = {isa = PBXFileReference; lastKnownFileType = text.plist.xml; path = Info.plist; sourceTree = "<group>"; };
		00E356F21AD99517003FC87E /* silentmoonTests.m */ = {isa = PBXFileReference; lastKnownFileType = sourcecode.c.objc; path = silentmoonTests.m; sourceTree = "<group>"; };
		06481DA4E6E64ECCAD6A249D /* HelveticaNeue-Light.ttf */ = {isa = PBXFileReference; explicitFileType = undefined; fileEncoding = undefined; includeInIndex = 0; lastKnownFileType = unknown; name = "HelveticaNeue-Light.ttf"; path = "../assets/fonts/HelveticaNeue-Light.ttf"; sourceTree = "<group>"; };
		13B07F961A680F5B00A75B9A /* silentmoon.app */ = {isa = PBXFileReference; explicitFileType = wrapper.application; includeInIndex = 0; path = silentmoon.app; sourceTree = BUILT_PRODUCTS_DIR; };
		13B07FAF1A68108700A75B9A /* AppDelegate.h */ = {isa = PBXFileReference; fileEncoding = 4; lastKnownFileType = sourcecode.c.h; name = AppDelegate.h; path = silentmoon/AppDelegate.h; sourceTree = "<group>"; };
		13B07FB01A68108700A75B9A /* AppDelegate.m */ = {isa = PBXFileReference; fileEncoding = 4; lastKnownFileType = sourcecode.c.objc; name = AppDelegate.m; path = silentmoon/AppDelegate.m; sourceTree = "<group>"; };
		13B07FB51A68108700A75B9A /* Images.xcassets */ = {isa = PBXFileReference; lastKnownFileType = folder.assetcatalog; name = Images.xcassets; path = silentmoon/Images.xcassets; sourceTree = "<group>"; };
		13B07FB61A68108700A75B9A /* Info.plist */ = {isa = PBXFileReference; fileEncoding = 4; lastKnownFileType = text.plist.xml; name = Info.plist; path = silentmoon/Info.plist; sourceTree = "<group>"; };
		13B07FB71A68108700A75B9A /* main.m */ = {isa = PBXFileReference; fileEncoding = 4; lastKnownFileType = sourcecode.c.objc; name = main.m; path = silentmoon/main.m; sourceTree = "<group>"; };
		14FDB058776849848D413C25 /* HelveticaNeue-LightItalic.ttf */ = {isa = PBXFileReference; explicitFileType = undefined; fileEncoding = undefined; includeInIndex = 0; lastKnownFileType = unknown; name = "HelveticaNeue-LightItalic.ttf"; path = "../assets/fonts/HelveticaNeue-LightItalic.ttf"; sourceTree = "<group>"; };
		1ABB537471B11640ECA539AC /* libPods-silentmoon-silentmoonTests.a */ = {isa = PBXFileReference; explicitFileType = archive.ar; includeInIndex = 0; path = "libPods-silentmoon-silentmoonTests.a"; sourceTree = BUILT_PRODUCTS_DIR; };
		223670BBBEE543C6B2B73C33 /* GaramondPremierPro-Semibold.ttf */ = {isa = PBXFileReference; explicitFileType = undefined; fileEncoding = undefined; includeInIndex = 0; lastKnownFileType = unknown; name = "GaramondPremierPro-Semibold.ttf"; path = "../assets/fonts/GaramondPremierPro-Semibold.ttf"; sourceTree = "<group>"; };
		2E31952E7F6D4142A4DDC0CA /* HelveticaNeue-BoldItalic.ttf */ = {isa = PBXFileReference; explicitFileType = undefined; fileEncoding = undefined; includeInIndex = 0; lastKnownFileType = unknown; name = "HelveticaNeue-BoldItalic.ttf"; path = "../assets/fonts/HelveticaNeue-BoldItalic.ttf"; sourceTree = "<group>"; };
		34FDD6E051A14C099497EBB1 /* HelveticaNeue-UltraLight.ttf */ = {isa = PBXFileReference; explicitFileType = undefined; fileEncoding = undefined; includeInIndex = 0; lastKnownFileType = unknown; name = "HelveticaNeue-UltraLight.ttf"; path = "../assets/fonts/HelveticaNeue-UltraLight.ttf"; sourceTree = "<group>"; };
		3E9AEEE626653C0C00723F6E /* silentmoon-Bridging-Header.h */ = {isa = PBXFileReference; lastKnownFileType = sourcecode.c.h; path = "silentmoon-Bridging-Header.h"; sourceTree = "<group>"; };
		3E9AEEE726653C0D00723F6E /* File.swift */ = {isa = PBXFileReference; lastKnownFileType = sourcecode.swift; name = File.swift; path = ../File.swift; sourceTree = "<group>"; };
		5079BF9801874990A9850A14 /* HelveticaNeue-MediumItalic.ttf */ = {isa = PBXFileReference; explicitFileType = undefined; fileEncoding = undefined; includeInIndex = 0; lastKnownFileType = unknown; name = "HelveticaNeue-MediumItalic.ttf"; path = "../assets/fonts/HelveticaNeue-MediumItalic.ttf"; sourceTree = "<group>"; };
		5669DC6029B744B3BB9C867B /* HelveticaNeue-Medium.ttf */ = {isa = PBXFileReference; explicitFileType = undefined; fileEncoding = undefined; includeInIndex = 0; lastKnownFileType = unknown; name = "HelveticaNeue-Medium.ttf"; path = "../assets/fonts/HelveticaNeue-Medium.ttf"; sourceTree = "<group>"; };
		5676F42882B1B43611FD7D98 /* Pods-silentmoon-silentmoonTests.debug.xcconfig */ = {isa = PBXFileReference; includeInIndex = 1; lastKnownFileType = text.xcconfig; name = "Pods-silentmoon-silentmoonTests.debug.xcconfig"; path = "Target Support Files/Pods-silentmoon-silentmoonTests/Pods-silentmoon-silentmoonTests.debug.xcconfig"; sourceTree = "<group>"; };
		71205A4665D14451AD09210F /* HelveticaNeue-UltraLightItalic.ttf */ = {isa = PBXFileReference; explicitFileType = undefined; fileEncoding = undefined; includeInIndex = 0; lastKnownFileType = unknown; name = "HelveticaNeue-UltraLightItalic.ttf"; path = "../assets/fonts/HelveticaNeue-UltraLightItalic.ttf"; sourceTree = "<group>"; };
		73272E6798514705B0887D39 /* HelveticaNeue-CondensedBold.ttf */ = {isa = PBXFileReference; explicitFileType = undefined; fileEncoding = undefined; includeInIndex = 0; lastKnownFileType = unknown; name = "HelveticaNeue-CondensedBold.ttf"; path = "../assets/fonts/HelveticaNeue-CondensedBold.ttf"; sourceTree = "<group>"; };
		81AB9BB72411601600AC10FF /* LaunchScreen.storyboard */ = {isa = PBXFileReference; fileEncoding = 4; lastKnownFileType = file.storyboard; name = LaunchScreen.storyboard; path = silentmoon/LaunchScreen.storyboard; sourceTree = "<group>"; };
		84FD41C2949D46AAB8DED1E9 /* HelveticaNeue-CondensedBlack.ttf */ = {isa = PBXFileReference; explicitFileType = undefined; fileEncoding = undefined; includeInIndex = 0; lastKnownFileType = unknown; name = "HelveticaNeue-CondensedBlack.ttf"; path = "../assets/fonts/HelveticaNeue-CondensedBlack.ttf"; sourceTree = "<group>"; };
		9281E0990BB8381C49AFC7B4 /* Pods-silentmoon-silentmoonTests.release.xcconfig */ = {isa = PBXFileReference; includeInIndex = 1; lastKnownFileType = text.xcconfig; name = "Pods-silentmoon-silentmoonTests.release.xcconfig"; path = "Target Support Files/Pods-silentmoon-silentmoonTests/Pods-silentmoon-silentmoonTests.release.xcconfig"; sourceTree = "<group>"; };
		9A68CF0551D12D0188405C36 /* Pods-silentmoon.release.xcconfig */ = {isa = PBXFileReference; includeInIndex = 1; lastKnownFileType = text.xcconfig; name = "Pods-silentmoon.release.xcconfig"; path = "Target Support Files/Pods-silentmoon/Pods-silentmoon.release.xcconfig"; sourceTree = "<group>"; };
		ABFE209F45451030687CC37E /* Pods-silentmoon.debug.xcconfig */ = {isa = PBXFileReference; includeInIndex = 1; lastKnownFileType = text.xcconfig; name = "Pods-silentmoon.debug.xcconfig"; path = "Target Support Files/Pods-silentmoon/Pods-silentmoon.debug.xcconfig"; sourceTree = "<group>"; };
		C8D696690B494DD5B2C49FB9 /* HelveticaNeue-ThinItalic.ttf */ = {isa = PBXFileReference; explicitFileType = undefined; fileEncoding = undefined; includeInIndex = 0; lastKnownFileType = unknown; name = "HelveticaNeue-ThinItalic.ttf"; path = "../assets/fonts/HelveticaNeue-ThinItalic.ttf"; sourceTree = "<group>"; };
		D1E75BFC3C6A58AFF117632D /* libPods-silentmoon.a */ = {isa = PBXFileReference; explicitFileType = archive.ar; includeInIndex = 0; path = "libPods-silentmoon.a"; sourceTree = BUILT_PRODUCTS_DIR; };
		D66BAD458B8348338AEB8B88 /* HelveticaNeue-Italic.ttf */ = {isa = PBXFileReference; explicitFileType = undefined; fileEncoding = undefined; includeInIndex = 0; lastKnownFileType = unknown; name = "HelveticaNeue-Italic.ttf"; path = "../assets/fonts/HelveticaNeue-Italic.ttf"; sourceTree = "<group>"; };
		DF81476B08D9440EA13F3611 /* HelveticaNeue-Bold.ttf */ = {isa = PBXFileReference; explicitFileType = undefined; fileEncoding = undefined; includeInIndex = 0; lastKnownFileType = unknown; name = "HelveticaNeue-Bold.ttf"; path = "../assets/fonts/HelveticaNeue-Bold.ttf"; sourceTree = "<group>"; };
		ECB194A12EF14966AE017EC8 /* HelveticaNeue-Thin.ttf */ = {isa = PBXFileReference; explicitFileType = undefined; fileEncoding = undefined; includeInIndex = 0; lastKnownFileType = unknown; name = "HelveticaNeue-Thin.ttf"; path = "../assets/fonts/HelveticaNeue-Thin.ttf"; sourceTree = "<group>"; };
		ED297162215061F000B7C4FE /* JavaScriptCore.framework */ = {isa = PBXFileReference; lastKnownFileType = wrapper.framework; name = JavaScriptCore.framework; path = System/Library/Frameworks/JavaScriptCore.framework; sourceTree = SDKROOT; };
		FFFC12CB6D0A4A0592446495 /* HelveticaNeue.ttf */ = {isa = PBXFileReference; explicitFileType = undefined; fileEncoding = undefined; includeInIndex = 0; lastKnownFileType = unknown; name = HelveticaNeue.ttf; path = ../assets/fonts/HelveticaNeue.ttf; sourceTree = "<group>"; };
/* End PBXFileReference section */

/* Begin PBXFrameworksBuildPhase section */
		00E356EB1AD99517003FC87E /* Frameworks */ = {
			isa = PBXFrameworksBuildPhase;
			buildActionMask = 2147483647;
			files = (
				8F0D008AB623B1349C9987C6 /* libPods-silentmoon-silentmoonTests.a in Frameworks */,
			);
			runOnlyForDeploymentPostprocessing = 0;
		};
		13B07F8C1A680F5B00A75B9A /* Frameworks */ = {
			isa = PBXFrameworksBuildPhase;
			buildActionMask = 2147483647;
			files = (
				DA055BD6D2EF87483AA3BB16 /* libPods-silentmoon.a in Frameworks */,
			);
			runOnlyForDeploymentPostprocessing = 0;
		};
/* End PBXFrameworksBuildPhase section */

/* Begin PBXGroup section */
		00E356EF1AD99517003FC87E /* silentmoonTests */ = {
			isa = PBXGroup;
			children = (
				00E356F21AD99517003FC87E /* silentmoonTests.m */,
				00E356F01AD99517003FC87E /* Supporting Files */,
			);
			path = silentmoonTests;
			sourceTree = "<group>";
		};
		00E356F01AD99517003FC87E /* Supporting Files */ = {
			isa = PBXGroup;
			children = (
				00E356F11AD99517003FC87E /* Info.plist */,
			);
			name = "Supporting Files";
			sourceTree = "<group>";
		};
		13B07FAE1A68108700A75B9A /* silentmoon */ = {
			isa = PBXGroup;
			children = (
				13B07FAF1A68108700A75B9A /* AppDelegate.h */,
				13B07FB01A68108700A75B9A /* AppDelegate.m */,
				13B07FB51A68108700A75B9A /* Images.xcassets */,
				13B07FB61A68108700A75B9A /* Info.plist */,
				81AB9BB72411601600AC10FF /* LaunchScreen.storyboard */,
				13B07FB71A68108700A75B9A /* main.m */,
			);
			name = silentmoon;
			sourceTree = "<group>";
		};
		197920882C67453AA2D5841F /* Resources */ = {
			isa = PBXGroup;
			children = (
				DF81476B08D9440EA13F3611 /* HelveticaNeue-Bold.ttf */,
				2E31952E7F6D4142A4DDC0CA /* HelveticaNeue-BoldItalic.ttf */,
				84FD41C2949D46AAB8DED1E9 /* HelveticaNeue-CondensedBlack.ttf */,
				73272E6798514705B0887D39 /* HelveticaNeue-CondensedBold.ttf */,
				D66BAD458B8348338AEB8B88 /* HelveticaNeue-Italic.ttf */,
				06481DA4E6E64ECCAD6A249D /* HelveticaNeue-Light.ttf */,
				14FDB058776849848D413C25 /* HelveticaNeue-LightItalic.ttf */,
				5669DC6029B744B3BB9C867B /* HelveticaNeue-Medium.ttf */,
				5079BF9801874990A9850A14 /* HelveticaNeue-MediumItalic.ttf */,
				ECB194A12EF14966AE017EC8 /* HelveticaNeue-Thin.ttf */,
				C8D696690B494DD5B2C49FB9 /* HelveticaNeue-ThinItalic.ttf */,
				34FDD6E051A14C099497EBB1 /* HelveticaNeue-UltraLight.ttf */,
				71205A4665D14451AD09210F /* HelveticaNeue-UltraLightItalic.ttf */,
				FFFC12CB6D0A4A0592446495 /* HelveticaNeue.ttf */,
				223670BBBEE543C6B2B73C33 /* GaramondPremierPro-Semibold.ttf */,
			);
			name = Resources;
			path = "";
			sourceTree = "<group>";
		};
		2D16E6871FA4F8E400B85C8A /* Frameworks */ = {
			isa = PBXGroup;
			children = (
				ED297162215061F000B7C4FE /* JavaScriptCore.framework */,
				D1E75BFC3C6A58AFF117632D /* libPods-silentmoon.a */,
				1ABB537471B11640ECA539AC /* libPods-silentmoon-silentmoonTests.a */,
			);
			name = Frameworks;
			sourceTree = "<group>";
		};
		832341AE1AAA6A7D00B99B32 /* Libraries */ = {
			isa = PBXGroup;
			children = (
			);
			name = Libraries;
			sourceTree = "<group>";
		};
		83CBB9F61A601CBA00E9B192 = {
			isa = PBXGroup;
			children = (
				3E9AEEE726653C0D00723F6E /* File.swift */,
				13B07FAE1A68108700A75B9A /* silentmoon */,
				832341AE1AAA6A7D00B99B32 /* Libraries */,
				00E356EF1AD99517003FC87E /* silentmoonTests */,
				83CBBA001A601CBA00E9B192 /* Products */,
				2D16E6871FA4F8E400B85C8A /* Frameworks */,
				EB633F5D3D9CD2EB0A23B5E0 /* Pods */,
				3E9AEEE626653C0C00723F6E /* silentmoon-Bridging-Header.h */,
				197920882C67453AA2D5841F /* Resources */,
			);
			indentWidth = 2;
			sourceTree = "<group>";
			tabWidth = 2;
			usesTabs = 0;
		};
		83CBBA001A601CBA00E9B192 /* Products */ = {
			isa = PBXGroup;
			children = (
				13B07F961A680F5B00A75B9A /* silentmoon.app */,
				00E356EE1AD99517003FC87E /* silentmoonTests.xctest */,
			);
			name = Products;
			sourceTree = "<group>";
		};
		EB633F5D3D9CD2EB0A23B5E0 /* Pods */ = {
			isa = PBXGroup;
			children = (
				ABFE209F45451030687CC37E /* Pods-silentmoon.debug.xcconfig */,
				9A68CF0551D12D0188405C36 /* Pods-silentmoon.release.xcconfig */,
				5676F42882B1B43611FD7D98 /* Pods-silentmoon-silentmoonTests.debug.xcconfig */,
				9281E0990BB8381C49AFC7B4 /* Pods-silentmoon-silentmoonTests.release.xcconfig */,
			);
			path = Pods;
			sourceTree = "<group>";
		};
/* End PBXGroup section */

/* Begin PBXNativeTarget section */
		00E356ED1AD99517003FC87E /* silentmoonTests */ = {
			isa = PBXNativeTarget;
			buildConfigurationList = 00E357021AD99517003FC87E /* Build configuration list for PBXNativeTarget "silentmoonTests" */;
			buildPhases = (
				33A46DFA2D5A6D85D6B9F3CC /* [CP] Check Pods Manifest.lock */,
				00E356EA1AD99517003FC87E /* Sources */,
				00E356EB1AD99517003FC87E /* Frameworks */,
				00E356EC1AD99517003FC87E /* Resources */,
				1BBC936C644A62B8F281E4CD /* [CP] Embed Pods Frameworks */,
				251A0C89C93E4F4AE4BF2B76 /* [CP] Copy Pods Resources */,
			);
			buildRules = (
			);
			dependencies = (
				00E356F51AD99517003FC87E /* PBXTargetDependency */,
			);
			name = silentmoonTests;
			productName = silentmoonTests;
			productReference = 00E356EE1AD99517003FC87E /* silentmoonTests.xctest */;
			productType = "com.apple.product-type.bundle.unit-test";
		};
		13B07F861A680F5B00A75B9A /* silentmoon */ = {
			isa = PBXNativeTarget;
			buildConfigurationList = 13B07F931A680F5B00A75B9A /* Build configuration list for PBXNativeTarget "silentmoon" */;
			buildPhases = (
				D3C8EF8770DEFB64A178DCF3 /* [CP] Check Pods Manifest.lock */,
				FD10A7F022414F080027D42C /* Start Packager */,
				13B07F871A680F5B00A75B9A /* Sources */,
				13B07F8C1A680F5B00A75B9A /* Frameworks */,
				13B07F8E1A680F5B00A75B9A /* Resources */,
				00DD1BFF1BD5951E006B06BC /* Bundle React Native code and images */,
				177EB02588C4B1484EC6177C /* [CP] Embed Pods Frameworks */,
				44CCAC2F4C9E03104F618CD8 /* [CP] Copy Pods Resources */,
			);
			buildRules = (
			);
			dependencies = (
			);
			name = silentmoon;
			productName = silentmoon;
			productReference = 13B07F961A680F5B00A75B9A /* silentmoon.app */;
			productType = "com.apple.product-type.application";
		};
/* End PBXNativeTarget section */

/* Begin PBXProject section */
		83CBB9F71A601CBA00E9B192 /* Project object */ = {
			isa = PBXProject;
			attributes = {
				LastUpgradeCheck = 1210;
				TargetAttributes = {
					00E356ED1AD99517003FC87E = {
						CreatedOnToolsVersion = 6.2;
						TestTargetID = 13B07F861A680F5B00A75B9A;
					};
					13B07F861A680F5B00A75B9A = {
						LastSwiftMigration = 1250;
					};
				};
			};
			buildConfigurationList = 83CBB9FA1A601CBA00E9B192 /* Build configuration list for PBXProject "silentmoon" */;
			compatibilityVersion = "Xcode 12.0";
			developmentRegion = en;
			hasScannedForEncodings = 0;
			knownRegions = (
				en,
				Base,
			);
			mainGroup = 83CBB9F61A601CBA00E9B192;
			productRefGroup = 83CBBA001A601CBA00E9B192 /* Products */;
			projectDirPath = "";
			projectRoot = "";
			targets = (
				13B07F861A680F5B00A75B9A /* silentmoon */,
				00E356ED1AD99517003FC87E /* silentmoonTests */,
			);
		};
/* End PBXProject section */

/* Begin PBXResourcesBuildPhase section */
		00E356EC1AD99517003FC87E /* Resources */ = {
			isa = PBXResourcesBuildPhase;
			buildActionMask = 2147483647;
			files = (
			);
			runOnlyForDeploymentPostprocessing = 0;
		};
		13B07F8E1A680F5B00A75B9A /* Resources */ = {
			isa = PBXResourcesBuildPhase;
			buildActionMask = 2147483647;
			files = (
				81AB9BB82411601600AC10FF /* LaunchScreen.storyboard in Resources */,
				13B07FBF1A68108700A75B9A /* Images.xcassets in Resources */,
				125A9B0411484562BCE422A7 /* HelveticaNeue-Bold.ttf in Resources */,
				3C6F1DABA42242E694E77574 /* HelveticaNeue-BoldItalic.ttf in Resources */,
				3576CFAE3D4843698BE9078F /* HelveticaNeue-CondensedBlack.ttf in Resources */,
				22F89F7C75EA40E9814F49FD /* HelveticaNeue-CondensedBold.ttf in Resources */,
				972FFC5ABF104F4498A62918 /* HelveticaNeue-Italic.ttf in Resources */,
				91811750EED84616A809EB4E /* HelveticaNeue-Light.ttf in Resources */,
				C85089DB01504055B6180CAB /* HelveticaNeue-LightItalic.ttf in Resources */,
				F62FEBD159874D5483299480 /* HelveticaNeue-Medium.ttf in Resources */,
				427319F4A7C2450A908BF104 /* HelveticaNeue-MediumItalic.ttf in Resources */,
				C7BDE3CC1158403488654D80 /* HelveticaNeue-Thin.ttf in Resources */,
				BC2E9E83CACF45059A525A55 /* HelveticaNeue-ThinItalic.ttf in Resources */,
				193F0FF069E84DA3A162FC62 /* HelveticaNeue-UltraLight.ttf in Resources */,
				47E16A08231A430DA88DBA68 /* HelveticaNeue-UltraLightItalic.ttf in Resources */,
				8B138BAD52FC4590BB89497C /* HelveticaNeue.ttf in Resources */,
				55424813474A4806AC142008 /* GaramondPremierPro-Semibold.ttf in Resources */,
			);
			runOnlyForDeploymentPostprocessing = 0;
		};
/* End PBXResourcesBuildPhase section */

/* Begin PBXShellScriptBuildPhase section */
		00DD1BFF1BD5951E006B06BC /* Bundle React Native code and images */ = {
			isa = PBXShellScriptBuildPhase;
			buildActionMask = 2147483647;
			files = (
			);
			inputPaths = (
			);
			name = "Bundle React Native code and images";
			outputPaths = (
			);
			runOnlyForDeploymentPostprocessing = 0;
			shellPath = /bin/sh;
			shellScript = "set -e\n\nexport NODE_BINARY=node\n../node_modules/react-native/scripts/react-native-xcode.sh\n";
		};
		177EB02588C4B1484EC6177C /* [CP] Embed Pods Frameworks */ = {
			isa = PBXShellScriptBuildPhase;
			buildActionMask = 2147483647;
			files = (
			);
			inputFileListPaths = (
				"${PODS_ROOT}/Target Support Files/Pods-silentmoon/Pods-silentmoon-frameworks-${CONFIGURATION}-input-files.xcfilelist",
			);
			name = "[CP] Embed Pods Frameworks";
			outputFileListPaths = (
				"${PODS_ROOT}/Target Support Files/Pods-silentmoon/Pods-silentmoon-frameworks-${CONFIGURATION}-output-files.xcfilelist",
			);
			runOnlyForDeploymentPostprocessing = 0;
			shellPath = /bin/sh;
			shellScript = "\"${PODS_ROOT}/Target Support Files/Pods-silentmoon/Pods-silentmoon-frameworks.sh\"\n";
			showEnvVarsInLog = 0;
		};
		1BBC936C644A62B8F281E4CD /* [CP] Embed Pods Frameworks */ = {
			isa = PBXShellScriptBuildPhase;
			buildActionMask = 2147483647;
			files = (
			);
			inputFileListPaths = (
				"${PODS_ROOT}/Target Support Files/Pods-silentmoon-silentmoonTests/Pods-silentmoon-silentmoonTests-frameworks-${CONFIGURATION}-input-files.xcfilelist",
			);
			name = "[CP] Embed Pods Frameworks";
			outputFileListPaths = (
				"${PODS_ROOT}/Target Support Files/Pods-silentmoon-silentmoonTests/Pods-silentmoon-silentmoonTests-frameworks-${CONFIGURATION}-output-files.xcfilelist",
			);
			runOnlyForDeploymentPostprocessing = 0;
			shellPath = /bin/sh;
			shellScript = "\"${PODS_ROOT}/Target Support Files/Pods-silentmoon-silentmoonTests/Pods-silentmoon-silentmoonTests-frameworks.sh\"\n";
			showEnvVarsInLog = 0;
		};
		251A0C89C93E4F4AE4BF2B76 /* [CP] Copy Pods Resources */ = {
			isa = PBXShellScriptBuildPhase;
			buildActionMask = 2147483647;
			files = (
			);
			inputFileListPaths = (
				"${PODS_ROOT}/Target Support Files/Pods-silentmoon-silentmoonTests/Pods-silentmoon-silentmoonTests-resources-${CONFIGURATION}-input-files.xcfilelist",
			);
			name = "[CP] Copy Pods Resources";
			outputFileListPaths = (
				"${PODS_ROOT}/Target Support Files/Pods-silentmoon-silentmoonTests/Pods-silentmoon-silentmoonTests-resources-${CONFIGURATION}-output-files.xcfilelist",
			);
			runOnlyForDeploymentPostprocessing = 0;
			shellPath = /bin/sh;
			shellScript = "\"${PODS_ROOT}/Target Support Files/Pods-silentmoon-silentmoonTests/Pods-silentmoon-silentmoonTests-resources.sh\"\n";
			showEnvVarsInLog = 0;
		};
		33A46DFA2D5A6D85D6B9F3CC /* [CP] Check Pods Manifest.lock */ = {
			isa = PBXShellScriptBuildPhase;
			buildActionMask = 2147483647;
			files = (
			);
			inputFileListPaths = (
			);
			inputPaths = (
				"${PODS_PODFILE_DIR_PATH}/Podfile.lock",
				"${PODS_ROOT}/Manifest.lock",
			);
			name = "[CP] Check Pods Manifest.lock";
			outputFileListPaths = (
			);
			outputPaths = (
				"$(DERIVED_FILE_DIR)/Pods-silentmoon-silentmoonTests-checkManifestLockResult.txt",
			);
			runOnlyForDeploymentPostprocessing = 0;
			shellPath = /bin/sh;
			shellScript = "diff \"${PODS_PODFILE_DIR_PATH}/Podfile.lock\" \"${PODS_ROOT}/Manifest.lock\" > /dev/null\nif [ $? != 0 ] ; then\n    # print error to STDERR\n    echo \"error: The sandbox is not in sync with the Podfile.lock. Run 'pod install' or update your CocoaPods installation.\" >&2\n    exit 1\nfi\n# This output is used by Xcode 'outputs' to avoid re-running this script phase.\necho \"SUCCESS\" > \"${SCRIPT_OUTPUT_FILE_0}\"\n";
			showEnvVarsInLog = 0;
		};
		44CCAC2F4C9E03104F618CD8 /* [CP] Copy Pods Resources */ = {
			isa = PBXShellScriptBuildPhase;
			buildActionMask = 2147483647;
			files = (
			);
			inputFileListPaths = (
				"${PODS_ROOT}/Target Support Files/Pods-silentmoon/Pods-silentmoon-resources-${CONFIGURATION}-input-files.xcfilelist",
			);
			name = "[CP] Copy Pods Resources";
			outputFileListPaths = (
				"${PODS_ROOT}/Target Support Files/Pods-silentmoon/Pods-silentmoon-resources-${CONFIGURATION}-output-files.xcfilelist",
			);
			runOnlyForDeploymentPostprocessing = 0;
			shellPath = /bin/sh;
			shellScript = "\"${PODS_ROOT}/Target Support Files/Pods-silentmoon/Pods-silentmoon-resources.sh\"\n";
			showEnvVarsInLog = 0;
		};
		D3C8EF8770DEFB64A178DCF3 /* [CP] Check Pods Manifest.lock */ = {
			isa = PBXShellScriptBuildPhase;
			buildActionMask = 2147483647;
			files = (
			);
			inputFileListPaths = (
			);
			inputPaths = (
				"${PODS_PODFILE_DIR_PATH}/Podfile.lock",
				"${PODS_ROOT}/Manifest.lock",
			);
			name = "[CP] Check Pods Manifest.lock";
			outputFileListPaths = (
			);
			outputPaths = (
				"$(DERIVED_FILE_DIR)/Pods-silentmoon-checkManifestLockResult.txt",
			);
			runOnlyForDeploymentPostprocessing = 0;
			shellPath = /bin/sh;
			shellScript = "diff \"${PODS_PODFILE_DIR_PATH}/Podfile.lock\" \"${PODS_ROOT}/Manifest.lock\" > /dev/null\nif [ $? != 0 ] ; then\n    # print error to STDERR\n    echo \"error: The sandbox is not in sync with the Podfile.lock. Run 'pod install' or update your CocoaPods installation.\" >&2\n    exit 1\nfi\n# This output is used by Xcode 'outputs' to avoid re-running this script phase.\necho \"SUCCESS\" > \"${SCRIPT_OUTPUT_FILE_0}\"\n";
			showEnvVarsInLog = 0;
		};
		FD10A7F022414F080027D42C /* Start Packager */ = {
			isa = PBXShellScriptBuildPhase;
			buildActionMask = 2147483647;
			files = (
			);
			inputFileListPaths = (
			);
			inputPaths = (
			);
			name = "Start Packager";
			outputFileListPaths = (
			);
			outputPaths = (
			);
			runOnlyForDeploymentPostprocessing = 0;
			shellPath = /bin/sh;
			shellScript = "export RCT_METRO_PORT=\"${RCT_METRO_PORT:=8081}\"\necho \"export RCT_METRO_PORT=${RCT_METRO_PORT}\" > \"${SRCROOT}/../node_modules/react-native/scripts/.packager.env\"\nif [ -z \"${RCT_NO_LAUNCH_PACKAGER+xxx}\" ] ; then\n  if nc -w 5 -z localhost ${RCT_METRO_PORT} ; then\n    if ! curl -s \"http://localhost:${RCT_METRO_PORT}/status\" | grep -q \"packager-status:running\" ; then\n      echo \"Port ${RCT_METRO_PORT} already in use, packager is either not running or not running correctly\"\n      exit 2\n    fi\n  else\n    open \"$SRCROOT/../node_modules/react-native/scripts/launchPackager.command\" || echo \"Can't start packager automatically\"\n  fi\nfi\n";
			showEnvVarsInLog = 0;
		};
/* End PBXShellScriptBuildPhase section */

/* Begin PBXSourcesBuildPhase section */
		00E356EA1AD99517003FC87E /* Sources */ = {
			isa = PBXSourcesBuildPhase;
			buildActionMask = 2147483647;
			files = (
				00E356F31AD99517003FC87E /* silentmoonTests.m in Sources */,
			);
			runOnlyForDeploymentPostprocessing = 0;
		};
		13B07F871A680F5B00A75B9A /* Sources */ = {
			isa = PBXSourcesBuildPhase;
			buildActionMask = 2147483647;
			files = (
				13B07FBC1A68108700A75B9A /* AppDelegate.m in Sources */,
				3E9AEEE826653C0D00723F6E /* File.swift in Sources */,
				13B07FC11A68108700A75B9A /* main.m in Sources */,
			);
			runOnlyForDeploymentPostprocessing = 0;
		};
/* End PBXSourcesBuildPhase section */

/* Begin PBXTargetDependency section */
		00E356F51AD99517003FC87E /* PBXTargetDependency */ = {
			isa = PBXTargetDependency;
			target = 13B07F861A680F5B00A75B9A /* silentmoon */;
			targetProxy = 00E356F41AD99517003FC87E /* PBXContainerItemProxy */;
		};
/* End PBXTargetDependency section */

/* Begin XCBuildConfiguration section */
		00E356F61AD99517003FC87E /* Debug */ = {
			isa = XCBuildConfiguration;
			baseConfigurationReference = 5676F42882B1B43611FD7D98 /* Pods-silentmoon-silentmoonTests.debug.xcconfig */;
			buildSettings = {
				ALWAYS_EMBED_SWIFT_STANDARD_LIBRARIES = YES;
				BUNDLE_LOADER = "$(TEST_HOST)";
				GCC_PREPROCESSOR_DEFINITIONS = (
					"DEBUG=1",
					"$(inherited)",
				);
				INFOPLIST_FILE = silentmoonTests/Info.plist;
				IPHONEOS_DEPLOYMENT_TARGET = 10.0;
				LD_RUNPATH_SEARCH_PATHS = (
					"$(inherited)",
					"@executable_path/Frameworks",
					"@loader_path/Frameworks",
				);
				OTHER_LDFLAGS = (
					"-ObjC",
					"-lc++",
					"$(inherited)",
				);
				PRODUCT_BUNDLE_IDENTIFIER = "org.reactjs.native.example.$(PRODUCT_NAME:rfc1034identifier)";
				PRODUCT_NAME = "$(TARGET_NAME)";
				TEST_HOST = "$(BUILT_PRODUCTS_DIR)/silentmoon.app/silentmoon";
			};
			name = Debug;
		};
		00E356F71AD99517003FC87E /* Release */ = {
			isa = XCBuildConfiguration;
			baseConfigurationReference = 9281E0990BB8381C49AFC7B4 /* Pods-silentmoon-silentmoonTests.release.xcconfig */;
			buildSettings = {
				ALWAYS_EMBED_SWIFT_STANDARD_LIBRARIES = YES;
				BUNDLE_LOADER = "$(TEST_HOST)";
				COPY_PHASE_STRIP = NO;
				INFOPLIST_FILE = silentmoonTests/Info.plist;
				IPHONEOS_DEPLOYMENT_TARGET = 10.0;
				LD_RUNPATH_SEARCH_PATHS = (
					"$(inherited)",
					"@executable_path/Frameworks",
					"@loader_path/Frameworks",
				);
				OTHER_LDFLAGS = (
					"-ObjC",
					"-lc++",
					"$(inherited)",
				);
				PRODUCT_BUNDLE_IDENTIFIER = "org.reactjs.native.example.$(PRODUCT_NAME:rfc1034identifier)";
				PRODUCT_NAME = "$(TARGET_NAME)";
				TEST_HOST = "$(BUILT_PRODUCTS_DIR)/silentmoon.app/silentmoon";
			};
			name = Release;
		};
		13B07F941A680F5B00A75B9A /* Debug */ = {
			isa = XCBuildConfiguration;
			baseConfigurationReference = ABFE209F45451030687CC37E /* Pods-silentmoon.debug.xcconfig */;
			buildSettings = {
				ASSETCATALOG_COMPILER_APPICON_NAME = AppIcon;
				CLANG_ENABLE_MODULES = YES;
				CURRENT_PROJECT_VERSION = 1;
				ENABLE_BITCODE = NO;
				INFOPLIST_FILE = silentmoon/Info.plist;
				IPHONEOS_DEPLOYMENT_TARGET = 13.0;
				LD_RUNPATH_SEARCH_PATHS = (
					"$(inherited)",
					"@executable_path/Frameworks",
				);
				OTHER_LDFLAGS = (
					"$(inherited)",
					"-ObjC",
					"-lc++",
				);
				PRODUCT_BUNDLE_IDENTIFIER = "org.reactjs.native.example.$(PRODUCT_NAME:rfc1034identifier)";
				PRODUCT_NAME = silentmoon;
				SWIFT_OBJC_BRIDGING_HEADER = "silentmoon-Bridging-Header.h";
				SWIFT_OPTIMIZATION_LEVEL = "-Onone";
				SWIFT_VERSION = 5.0;
				VERSIONING_SYSTEM = "apple-generic";
			};
			name = Debug;
		};
		13B07F951A680F5B00A75B9A /* Release */ = {
			isa = XCBuildConfiguration;
			baseConfigurationReference = 9A68CF0551D12D0188405C36 /* Pods-silentmoon.release.xcconfig */;
			buildSettings = {
				ASSETCATALOG_COMPILER_APPICON_NAME = AppIcon;
				CLANG_ENABLE_MODULES = YES;
				CURRENT_PROJECT_VERSION = 1;
				INFOPLIST_FILE = silentmoon/Info.plist;
				IPHONEOS_DEPLOYMENT_TARGET = 13.0;
				LD_RUNPATH_SEARCH_PATHS = (
					"$(inherited)",
					"@executable_path/Frameworks",
				);
				OTHER_LDFLAGS = (
					"$(inherited)",
					"-ObjC",
					"-lc++",
				);
				PRODUCT_BUNDLE_IDENTIFIER = "org.reactjs.native.example.$(PRODUCT_NAME:rfc1034identifier)";
				PRODUCT_NAME = silentmoon;
				SWIFT_OBJC_BRIDGING_HEADER = "silentmoon-Bridging-Header.h";
				SWIFT_VERSION = 5.0;
				VERSIONING_SYSTEM = "apple-generic";
			};
			name = Release;
		};
		83CBBA201A601CBA00E9B192 /* Debug */ = {
			isa = XCBuildConfiguration;
			buildSettings = {
				ALWAYS_SEARCH_USER_PATHS = NO;
				CLANG_ANALYZER_LOCALIZABILITY_NONLOCALIZED = YES;
				CLANG_CXX_LANGUAGE_STANDARD = "gnu++0x";
				CLANG_CXX_LIBRARY = "libc++";
				CLANG_ENABLE_MODULES = YES;
				CLANG_ENABLE_OBJC_ARC = YES;
				CLANG_WARN_BLOCK_CAPTURE_AUTORELEASING = YES;
				CLANG_WARN_BOOL_CONVERSION = YES;
				CLANG_WARN_COMMA = YES;
				CLANG_WARN_CONSTANT_CONVERSION = YES;
				CLANG_WARN_DEPRECATED_OBJC_IMPLEMENTATIONS = YES;
				CLANG_WARN_DIRECT_OBJC_ISA_USAGE = YES_ERROR;
				CLANG_WARN_EMPTY_BODY = YES;
				CLANG_WARN_ENUM_CONVERSION = YES;
				CLANG_WARN_INFINITE_RECURSION = YES;
				CLANG_WARN_INT_CONVERSION = YES;
				CLANG_WARN_NON_LITERAL_NULL_CONVERSION = YES;
				CLANG_WARN_OBJC_IMPLICIT_RETAIN_SELF = YES;
				CLANG_WARN_OBJC_LITERAL_CONVERSION = YES;
				CLANG_WARN_OBJC_ROOT_CLASS = YES_ERROR;
				CLANG_WARN_QUOTED_INCLUDE_IN_FRAMEWORK_HEADER = YES;
				CLANG_WARN_RANGE_LOOP_ANALYSIS = YES;
				CLANG_WARN_STRICT_PROTOTYPES = YES;
				CLANG_WARN_SUSPICIOUS_MOVE = YES;
				CLANG_WARN_UNREACHABLE_CODE = YES;
				CLANG_WARN__DUPLICATE_METHOD_MATCH = YES;
				"CODE_SIGN_IDENTITY[sdk=iphoneos*]" = "iPhone Developer";
				COPY_PHASE_STRIP = NO;
				ENABLE_STRICT_OBJC_MSGSEND = YES;
				ENABLE_TESTABILITY = YES;
				"EXCLUDED_ARCHS[sdk=iphonesimulator*]" = "arm64 i386";
				GCC_C_LANGUAGE_STANDARD = gnu99;
				GCC_DYNAMIC_NO_PIC = NO;
				GCC_NO_COMMON_BLOCKS = YES;
				GCC_OPTIMIZATION_LEVEL = 0;
				GCC_PREPROCESSOR_DEFINITIONS = (
					"DEBUG=1",
					"$(inherited)",
				);
				GCC_SYMBOLS_PRIVATE_EXTERN = NO;
				GCC_WARN_64_TO_32_BIT_CONVERSION = YES;
				GCC_WARN_ABOUT_RETURN_TYPE = YES_ERROR;
				GCC_WARN_UNDECLARED_SELECTOR = YES;
				GCC_WARN_UNINITIALIZED_AUTOS = YES_AGGRESSIVE;
				GCC_WARN_UNUSED_FUNCTION = YES;
				GCC_WARN_UNUSED_VARIABLE = YES;
				IPHONEOS_DEPLOYMENT_TARGET = 10.0;
				LD_RUNPATH_SEARCH_PATHS = (
					/usr/lib/swift,
					"$(inherited)",
				);
				LIBRARY_SEARCH_PATHS = (
					"\"$(TOOLCHAIN_DIR)/usr/lib/swift/$(PLATFORM_NAME)\"",
					"\"$(TOOLCHAIN_DIR)/usr/lib/swift-5.0/$(PLATFORM_NAME)\"",
					"\"$(inherited)\"",
				);
				MTL_ENABLE_DEBUG_INFO = YES;
				ONLY_ACTIVE_ARCH = YES;
				SDKROOT = iphoneos;
			};
			name = Debug;
		};
		83CBBA211A601CBA00E9B192 /* Release */ = {
			isa = XCBuildConfiguration;
			buildSettings = {
				ALWAYS_SEARCH_USER_PATHS = NO;
				CLANG_ANALYZER_LOCALIZABILITY_NONLOCALIZED = YES;
				CLANG_CXX_LANGUAGE_STANDARD = "gnu++0x";
				CLANG_CXX_LIBRARY = "libc++";
				CLANG_ENABLE_MODULES = YES;
				CLANG_ENABLE_OBJC_ARC = YES;
				CLANG_WARN_BLOCK_CAPTURE_AUTORELEASING = YES;
				CLANG_WARN_BOOL_CONVERSION = YES;
				CLANG_WARN_COMMA = YES;
				CLANG_WARN_CONSTANT_CONVERSION = YES;
				CLANG_WARN_DEPRECATED_OBJC_IMPLEMENTATIONS = YES;
				CLANG_WARN_DIRECT_OBJC_ISA_USAGE = YES_ERROR;
				CLANG_WARN_EMPTY_BODY = YES;
				CLANG_WARN_ENUM_CONVERSION = YES;
				CLANG_WARN_INFINITE_RECURSION = YES;
				CLANG_WARN_INT_CONVERSION = YES;
				CLANG_WARN_NON_LITERAL_NULL_CONVERSION = YES;
				CLANG_WARN_OBJC_IMPLICIT_RETAIN_SELF = YES;
				CLANG_WARN_OBJC_LITERAL_CONVERSION = YES;
				CLANG_WARN_OBJC_ROOT_CLASS = YES_ERROR;
				CLANG_WARN_QUOTED_INCLUDE_IN_FRAMEWORK_HEADER = YES;
				CLANG_WARN_RANGE_LOOP_ANALYSIS = YES;
				CLANG_WARN_STRICT_PROTOTYPES = YES;
				CLANG_WARN_SUSPICIOUS_MOVE = YES;
				CLANG_WARN_UNREACHABLE_CODE = YES;
				CLANG_WARN__DUPLICATE_METHOD_MATCH = YES;
				"CODE_SIGN_IDENTITY[sdk=iphoneos*]" = "iPhone Developer";
				COPY_PHASE_STRIP = YES;
				ENABLE_NS_ASSERTIONS = NO;
				ENABLE_STRICT_OBJC_MSGSEND = YES;
				"EXCLUDED_ARCHS[sdk=iphonesimulator*]" = "arm64 i386";
				GCC_C_LANGUAGE_STANDARD = gnu99;
				GCC_NO_COMMON_BLOCKS = YES;
				GCC_WARN_64_TO_32_BIT_CONVERSION = YES;
				GCC_WARN_ABOUT_RETURN_TYPE = YES_ERROR;
				GCC_WARN_UNDECLARED_SELECTOR = YES;
				GCC_WARN_UNINITIALIZED_AUTOS = YES_AGGRESSIVE;
				GCC_WARN_UNUSED_FUNCTION = YES;
				GCC_WARN_UNUSED_VARIABLE = YES;
				IPHONEOS_DEPLOYMENT_TARGET = 10.0;
				LD_RUNPATH_SEARCH_PATHS = (
					/usr/lib/swift,
					"$(inherited)",
				);
				LIBRARY_SEARCH_PATHS = (
					"\"$(TOOLCHAIN_DIR)/usr/lib/swift/$(PLATFORM_NAME)\"",
					"\"$(TOOLCHAIN_DIR)/usr/lib/swift-5.0/$(PLATFORM_NAME)\"",
					"\"$(inherited)\"",
				);
				MTL_ENABLE_DEBUG_INFO = NO;
				SDKROOT = iphoneos;
				VALIDATE_PRODUCT = YES;
			};
			name = Release;
		};
/* End XCBuildConfiguration section */

/* Begin XCConfigurationList section */
		00E357021AD99517003FC87E /* Build configuration list for PBXNativeTarget "silentmoonTests" */ = {
			isa = XCConfigurationList;
			buildConfigurations = (
				00E356F61AD99517003FC87E /* Debug */,
				00E356F71AD99517003FC87E /* Release */,
			);
			defaultConfigurationIsVisible = 0;
			defaultConfigurationName = Release;
		};
		13B07F931A680F5B00A75B9A /* Build configuration list for PBXNativeTarget "silentmoon" */ = {
			isa = XCConfigurationList;
			buildConfigurations = (
				13B07F941A680F5B00A75B9A /* Debug */,
				13B07F951A680F5B00A75B9A /* Release */,
			);
			defaultConfigurationIsVisible = 0;
			defaultConfigurationName = Release;
		};
		83CBB9FA1A601CBA00E9B192 /* Build configuration list for PBXProject "silentmoon" */ = {
			isa = XCConfigurationList;
			buildConfigurations = (
				83CBBA201A601CBA00E9B192 /* Debug */,
				83CBBA211A601CBA00E9B192 /* Release */,
			);
			defaultConfigurationIsVisible = 0;
			defaultConfigurationName = Release;
		};
/* End XCConfigurationList section */
	};
	rootObject = 83CBB9F71A601CBA00E9B192 /* Project object */;
}
